
Microsoft Visual Studio Solution File, Format Version 12.00
# Visual Studio 15
VisualStudioVersion = 15.0.27130.2027
MinimumVisualStudioVersion = 10.0.40219.1
Project("{FAE04EC0-301F-11D3-BF4B-00C04F79EFBC}") = "FOOP-Project", "FOOP-Project\FOOP-Project.csproj", "{A60FB5CC-9C5A-478C-8D41-0B51D83DBF65}"
EndProject
Global
	GlobalSection(SolutionConfigurationPlatforms) = preSolution
		Debug|Any CPU = Debug|Any CPU
		Release|Any CPU = Release|Any CPU
	EndGlobalSection
	GlobalSection(ProjectConfigurationPlatforms) = postSolution
		{A60FB5CC-9C5A-478C-8D41-0B51D83DBF65}.Debug|Any CPU.ActiveCfg = Debug|Any CPU
		{A60FB5CC-9C5A-478C-8D41-0B51D83DBF65}.Debug|Any CPU.Build.0 = Debug|Any CPU
		{A60FB5CC-9C5A-478C-8D41-0B51D83DBF65}.Release|Any CPU.ActiveCfg = Release|Any CPU
		{A60FB5CC-9C5A-478C-8D41-0B51D83DBF65}.Release|Any CPU.Build.0 = Release|Any CPU
	EndGlobalSection
	GlobalSection(SolutionProperties) = preSolution
		HideSolutionNode = FALSE
	EndGlobalSection
	GlobalSection(ExtensibilityGlobals) = postSolution
		SolutionGuid = {4EE7E670-3568-4A09-BF01-CD68E7933472}
	EndGlobalSection
EndGlobal
