
Microsoft Visual Studio Solution File, Format Version 12.00
# Visual Studio 15
VisualStudioVersion = 15.0.27428.2037
MinimumVisualStudioVersion = 10.0.40219.1
Project("{FAE04EC0-301F-11D3-BF4B-00C04F79EFBC}") = "Question1", "Question1\Question1.csproj", "{8A702749-9CEC-451A-A9F3-0D81CFA5C67B}"
EndProject
Project("{FAE04EC0-301F-11D3-BF4B-00C04F79EFBC}") = "Question2", "Question2\Question2.csproj", "{B429DCEB-33AC-4FCB-8EF1-7B357E73BF3C}"
EndProject
Project("{FAE04EC0-301F-11D3-BF4B-00C04F79EFBC}") = "Question3", "Question3\Question3.csproj", "{0BAA643D-4467-4C83-BED2-CFC91DACC5A9}"
EndProject
Global
	GlobalSection(SolutionConfigurationPlatforms) = preSolution
		Debug|Any CPU = Debug|Any CPU
		Release|Any CPU = Release|Any CPU
	EndGlobalSection
	GlobalSection(ProjectConfigurationPlatforms) = postSolution
		{8A702749-9CEC-451A-A9F3-0D81CFA5C67B}.Debug|Any CPU.ActiveCfg = Debug|Any CPU
		{8A702749-9CEC-451A-A9F3-0D81CFA5C67B}.Debug|Any CPU.Build.0 = Debug|Any CPU
		{8A702749-9CEC-451A-A9F3-0D81CFA5C67B}.Release|Any CPU.ActiveCfg = Release|Any CPU
		{8A702749-9CEC-451A-A9F3-0D81CFA5C67B}.Release|Any CPU.Build.0 = Release|Any CPU
		{B429DCEB-33AC-4FCB-8EF1-7B357E73BF3C}.Debug|Any CPU.ActiveCfg = Debug|Any CPU
		{B429DCEB-33AC-4FCB-8EF1-7B357E73BF3C}.Debug|Any CPU.Build.0 = Debug|Any CPU
		{B429DCEB-33AC-4FCB-8EF1-7B357E73BF3C}.Release|Any CPU.ActiveCfg = Release|Any CPU
		{B429DCEB-33AC-4FCB-8EF1-7B357E73BF3C}.Release|Any CPU.Build.0 = Release|Any CPU
		{0BAA643D-4467-4C83-BED2-CFC91DACC5A9}.Debug|Any CPU.ActiveCfg = Debug|Any CPU
		{0BAA643D-4467-4C83-BED2-CFC91DACC5A9}.Debug|Any CPU.Build.0 = Debug|Any CPU
		{0BAA643D-4467-4C83-BED2-CFC91DACC5A9}.Release|Any CPU.ActiveCfg = Release|Any CPU
		{0BAA643D-4467-4C83-BED2-CFC91DACC5A9}.Release|Any CPU.Build.0 = Release|Any CPU
	EndGlobalSection
	GlobalSection(SolutionProperties) = preSolution
		HideSolutionNode = FALSE
	EndGlobalSection
	GlobalSection(ExtensibilityGlobals) = postSolution
		SolutionGuid = {26782453-7DEB-41F0-8C90-C71B0721D792}
	EndGlobalSection
EndGlobal
