
Microsoft Visual Studio Solution File, Format Version 12.00
# Visual Studio 15
VisualStudioVersion = 15.0.27428.1
MinimumVisualStudioVersion = 10.0.40219.1
Project("{FAE04EC0-301F-11D3-BF4B-00C04F79EFBC}") = "Sheet1", "Sheet1\Sheet1.csproj", "{891F7A4B-543C-45A7-8A3A-28EF34DA0AFC}"
EndProject
Project("{FAE04EC0-301F-11D3-BF4B-00C04F79EFBC}") = "Sheet2", "Sheet2\Sheet2.csproj", "{15D7D81D-882F-424A-9CAB-546C50E1F977}"
EndProject
Global
	GlobalSection(SolutionConfigurationPlatforms) = preSolution
		Debug|Any CPU = Debug|Any CPU
		Release|Any CPU = Release|Any CPU
	EndGlobalSection
	GlobalSection(ProjectConfigurationPlatforms) = postSolution
		{891F7A4B-543C-45A7-8A3A-28EF34DA0AFC}.Debug|Any CPU.ActiveCfg = Debug|Any CPU
		{891F7A4B-543C-45A7-8A3A-28EF34DA0AFC}.Debug|Any CPU.Build.0 = Debug|Any CPU
		{891F7A4B-543C-45A7-8A3A-28EF34DA0AFC}.Release|Any CPU.ActiveCfg = Release|Any CPU
		{891F7A4B-543C-45A7-8A3A-28EF34DA0AFC}.Release|Any CPU.Build.0 = Release|Any CPU
		{15D7D81D-882F-424A-9CAB-546C50E1F977}.Debug|Any CPU.ActiveCfg = Debug|Any CPU
		{15D7D81D-882F-424A-9CAB-546C50E1F977}.Debug|Any CPU.Build.0 = Debug|Any CPU
		{15D7D81D-882F-424A-9CAB-546C50E1F977}.Release|Any CPU.ActiveCfg = Release|Any CPU
		{15D7D81D-882F-424A-9CAB-546C50E1F977}.Release|Any CPU.Build.0 = Release|Any CPU
	EndGlobalSection
	GlobalSection(SolutionProperties) = preSolution
		HideSolutionNode = FALSE
	EndGlobalSection
	GlobalSection(ExtensibilityGlobals) = postSolution
		SolutionGuid = {EDCE576A-88A2-4FBA-A292-C2162EAA9DBA}
	EndGlobalSection
EndGlobal
