
Microsoft Visual Studio Solution File, Format Version 12.00
# Visual Studio 15
VisualStudioVersion = 15.0.27428.2037
MinimumVisualStudioVersion = 10.0.40219.1
Project("{FAE04EC0-301F-11D3-BF4B-00C04F79EFBC}") = "Foop202CA", "Foop202CA\Foop202CA.csproj", "{77C29C42-11FC-4F45-94CF-50CCFE65C88E}"
EndProject
Global
	GlobalSection(SolutionConfigurationPlatforms) = preSolution
		Debug|Any CPU = Debug|Any CPU
		Release|Any CPU = Release|Any CPU
	EndGlobalSection
	GlobalSection(ProjectConfigurationPlatforms) = postSolution
		{77C29C42-11FC-4F45-94CF-50CCFE65C88E}.Debug|Any CPU.ActiveCfg = Debug|Any CPU
		{77C29C42-11FC-4F45-94CF-50CCFE65C88E}.Debug|Any CPU.Build.0 = Debug|Any CPU
		{77C29C42-11FC-4F45-94CF-50CCFE65C88E}.Release|Any CPU.ActiveCfg = Release|Any CPU
		{77C29C42-11FC-4F45-94CF-50CCFE65C88E}.Release|Any CPU.Build.0 = Release|Any CPU
	EndGlobalSection
	GlobalSection(SolutionProperties) = preSolution
		HideSolutionNode = FALSE
	EndGlobalSection
	GlobalSection(ExtensibilityGlobals) = postSolution
		SolutionGuid = {BBC9AC0B-9E8C-4DC4-9B48-D20CB0CCB2BD}
	EndGlobalSection
EndGlobal
