
Microsoft Visual Studio Solution File, Format Version 12.00
# Visual Studio 15
VisualStudioVersion = 15.0.27703.2018
MinimumVisualStudioVersion = 10.0.40219.1
Project("{FAE04EC0-301F-11D3-BF4B-00C04F79EFBC}") = "Question1", "FOOP202Exam\Question1.csproj", "{1EEF229D-F8D5-44A2-A15F-13D61AC64AA3}"
EndProject
Project("{FAE04EC0-301F-11D3-BF4B-00C04F79EFBC}") = "Question2", "Question2\Question2.csproj", "{565E0E11-7C19-4B9B-B926-473C822C195D}"
EndProject
Global
	GlobalSection(SolutionConfigurationPlatforms) = preSolution
		Debug|Any CPU = Debug|Any CPU
		Release|Any CPU = Release|Any CPU
	EndGlobalSection
	GlobalSection(ProjectConfigurationPlatforms) = postSolution
		{1EEF229D-F8D5-44A2-A15F-13D61AC64AA3}.Debug|Any CPU.ActiveCfg = Debug|Any CPU
		{1EEF229D-F8D5-44A2-A15F-13D61AC64AA3}.Debug|Any CPU.Build.0 = Debug|Any CPU
		{1EEF229D-F8D5-44A2-A15F-13D61AC64AA3}.Release|Any CPU.ActiveCfg = Release|Any CPU
		{1EEF229D-F8D5-44A2-A15F-13D61AC64AA3}.Release|Any CPU.Build.0 = Release|Any CPU
		{565E0E11-7C19-4B9B-B926-473C822C195D}.Debug|Any CPU.ActiveCfg = Debug|Any CPU
		{565E0E11-7C19-4B9B-B926-473C822C195D}.Debug|Any CPU.Build.0 = Debug|Any CPU
		{565E0E11-7C19-4B9B-B926-473C822C195D}.Release|Any CPU.ActiveCfg = Release|Any CPU
		{565E0E11-7C19-4B9B-B926-473C822C195D}.Release|Any CPU.Build.0 = Release|Any CPU
	EndGlobalSection
	GlobalSection(SolutionProperties) = preSolution
		HideSolutionNode = FALSE
	EndGlobalSection
	GlobalSection(ExtensibilityGlobals) = postSolution
		SolutionGuid = {D8C734FF-C7F3-4BB1-B499-EC700E83D476}
	EndGlobalSection
EndGlobal
